// !$*UTF8*$!
{
	archiveVersion = 1;
	classes = {
	};
	objectVersion = 50;
	objects = {

/* Begin PBXBuildFile section */
		CD3B18DE26D7E4CF00D6EA06 /* sdl_icone.bmp in Resources */ = {isa = PBXBuildFile; fileRef = CD3B18DD26D7E4CF00D6EA06 /* sdl_icone.bmp */; };
		CD58790826D474AC00639DE9 /* Assets.xcassets in Resources */ = {isa = PBXBuildFile; fileRef = CD58790726D474AC00639DE9 /* Assets.xcassets */; };
		CD58791626D475F400639DE9 /* main.c in Sources */ = {isa = PBXBuildFile; fileRef = CD58791526D475F400639DE9 /* main.c */; };
		CD58792026D4877000639DE9 /* kunfuPanda.bmp in Resources */ = {isa = PBXBuildFile; fileRef = CD58791F26D4877000639DE9 /* kunfuPanda.bmp */; };
		CD58792226D4893300639DE9 /* lac_en_montagne.bmp in Resources */ = {isa = PBXBuildFile; fileRef = CD58792126D4893300639DE9 /* lac_en_montagne.bmp */; };
		CD6FF61B26F982D700EDA158 /* SDL2.framework in Frameworks */ = {isa = PBXBuildFile; fileRef = CD6FF61A26F982D700EDA158 /* SDL2.framework */; };
		CD6FF61C26F982D700EDA158 /* SDL2.framework in Embed Frameworks */ = {isa = PBXBuildFile; fileRef = CD6FF61A26F982D700EDA158 /* SDL2.framework */; settings = {ATTRIBUTES = (CodeSignOnCopy, RemoveHeadersOnCopy, ); }; };
		CD6FF61E26F982ED00EDA158 /* SDL2_image.framework in Frameworks */ = {isa = PBXBuildFile; fileRef = CD6FF61D26F982ED00EDA158 /* SDL2_image.framework */; };
		CDE09F0826DC6577008CE5FB /* zozor.bmp in Resources */ = {isa = PBXBuildFile; fileRef = CDE09F0726DC6577008CE5FB /* zozor.bmp */; };
		CDE09F0A26DC7109008CE5FB /* sapin.png in Resources */ = {isa = PBXBuildFile; fileRef = CDE09F0926DC7109008CE5FB /* sapin.png */; };
/* End PBXBuildFile section */

/* Begin PBXCopyFilesBuildPhase section */
		CD58791B26D4764900639DE9 /* Embed Frameworks */ = {
			isa = PBXCopyFilesBuildPhase;
			buildActionMask = 2147483647;
			dstPath = "";
			dstSubfolderSpec = 10;
			files = (
				CD6FF61C26F982D700EDA158 /* SDL2.framework in Embed Frameworks */,
			);
			name = "Embed Frameworks";
			runOnlyForDeploymentPostprocessing = 0;
		};
/* End PBXCopyFilesBuildPhase section */

/* Begin PBXFileReference section */
		CD3B18DD26D7E4CF00D6EA06 /* sdl_icone.bmp */ = {isa = PBXFileReference; lastKnownFileType = image.bmp; path = sdl_icone.bmp; sourceTree = SOURCE_ROOT; };
		CD58790126D474A900639DE9 /* SDL_AfficherImages.app */ = {isa = PBXFileReference; explicitFileType = wrapper.application; includeInIndex = 0; path = SDL_AfficherImages.app; sourceTree = BUILT_PRODUCTS_DIR; };
		CD58790726D474AC00639DE9 /* Assets.xcassets */ = {isa = PBXFileReference; lastKnownFileType = folder.assetcatalog; path = Assets.xcassets; sourceTree = "<group>"; };
		CD58790C26D474AC00639DE9 /* Info.plist */ = {isa = PBXFileReference; lastKnownFileType = text.plist.xml; path = Info.plist; sourceTree = "<group>"; };
		CD58790F26D474AC00639DE9 /* SDL_AfficherImages.entitlements */ = {isa = PBXFileReference; lastKnownFileType = text.plist.entitlements; path = SDL_AfficherImages.entitlements; sourceTree = "<group>"; };
		CD58791526D475F400639DE9 /* main.c */ = {isa = PBXFileReference; lastKnownFileType = sourcecode.c.c; path = main.c; sourceTree = "<group>"; };
		CD58791F26D4877000639DE9 /* kunfuPanda.bmp */ = {isa = PBXFileReference; lastKnownFileType = image.bmp; path = kunfuPanda.bmp; sourceTree = "<group>"; };
		CD58792126D4893300639DE9 /* lac_en_montagne.bmp */ = {isa = PBXFileReference; lastKnownFileType = image.bmp; path = lac_en_montagne.bmp; sourceTree = "<group>"; };
		CD6FF61A26F982D700EDA158 /* SDL2.framework */ = {isa = PBXFileReference; lastKnownFileType = wrapper.framework; name = SDL2.framework; path = ../../../../../../../../Library/Frameworks/SDL2.framework; sourceTree = "<group>"; };
		CD6FF61D26F982ED00EDA158 /* SDL2_image.framework */ = {isa = PBXFileReference; lastKnownFileType = wrapper.framework; path = SDL2_image.framework; sourceTree = "<group>"; };
		CDE09F0726DC6577008CE5FB /* zozor.bmp */ = {isa = PBXFileReference; lastKnownFileType = image.bmp; path = zozor.bmp; sourceTree = SOURCE_ROOT; };
		CDE09F0926DC7109008CE5FB /* sapin.png */ = {isa = PBXFileReference; lastKnownFileType = image.png; path = sapin.png; sourceTree = SOURCE_ROOT; };
/* End PBXFileReference section */

/* Begin PBXFrameworksBuildPhase section */
		CD5878FE26D474A900639DE9 /* Frameworks */ = {
			isa = PBXFrameworksBuildPhase;
			buildActionMask = 2147483647;
			files = (
				CD6FF61B26F982D700EDA158 /* SDL2.framework in Frameworks */,
				CD6FF61E26F982ED00EDA158 /* SDL2_image.framework in Frameworks */,
			);
			runOnlyForDeploymentPostprocessing = 0;
		};
/* End PBXFrameworksBuildPhase section */

/* Begin PBXGroup section */
		CD5878F826D474A900639DE9 = {
			isa = PBXGroup;
			children = (
				CD58790326D474A900639DE9 /* SDL_AfficherImages */,
				CD58790226D474A900639DE9 /* Products */,
				CD58791726D4764900639DE9 /* Frameworks */,
			);
			sourceTree = "<group>";
		};
		CD58790226D474A900639DE9 /* Products */ = {
			isa = PBXGroup;
			children = (
				CD58790126D474A900639DE9 /* SDL_AfficherImages.app */,
			);
			name = Products;
			sourceTree = "<group>";
		};
		CD58790326D474A900639DE9 /* SDL_AfficherImages */ = {
			isa = PBXGroup;
			children = (
				CD58790726D474AC00639DE9 /* Assets.xcassets */,
				CD58790C26D474AC00639DE9 /* Info.plist */,
				CD58790F26D474AC00639DE9 /* SDL_AfficherImages.entitlements */,
				CD58791526D475F400639DE9 /* main.c */,
				CDE09F0926DC7109008CE5FB /* sapin.png */,
				CDE09F0726DC6577008CE5FB /* zozor.bmp */,
				CD58791F26D4877000639DE9 /* kunfuPanda.bmp */,
				CD3B18DD26D7E4CF00D6EA06 /* sdl_icone.bmp */,
				CD58792126D4893300639DE9 /* lac_en_montagne.bmp */,
			);
			path = SDL_AfficherImages;
			sourceTree = "<group>";
		};
		CD58791726D4764900639DE9 /* Frameworks */ = {
			isa = PBXGroup;
			children = (
				CD6FF61A26F982D700EDA158 /* SDL2.framework */,
				CD6FF61D26F982ED00EDA158 /* SDL2_image.framework */,
			);
			name = Frameworks;
			sourceTree = "<group>";
		};
/* End PBXGroup section */

/* Begin PBXNativeTarget section */
		CD58790026D474A900639DE9 /* SDL_AfficherImages */ = {
			isa = PBXNativeTarget;
			buildConfigurationList = CD58791226D474AC00639DE9 /* Build configuration list for PBXNativeTarget "SDL_AfficherImages" */;
			buildPhases = (
				CD5878FD26D474A900639DE9 /* Sources */,
				CD5878FE26D474A900639DE9 /* Frameworks */,
				CD5878FF26D474A900639DE9 /* Resources */,
				CD58791B26D4764900639DE9 /* Embed Frameworks */,
			);
			buildRules = (
			);
			dependencies = (
			);
			name = SDL_AfficherImages;
			productName = SDL_AfficherImages;
			productReference = CD58790126D474A900639DE9 /* SDL_AfficherImages.app */;
			productType = "com.apple.product-type.application";
		};
/* End PBXNativeTarget section */

/* Begin PBXProject section */
		CD5878F926D474A900639DE9 /* Project object */ = {
			isa = PBXProject;
			attributes = {
				LastUpgradeCheck = 1250;
				TargetAttributes = {
					CD58790026D474A900639DE9 = {
						CreatedOnToolsVersion = 12.5.1;
					};
				};
			};
			buildConfigurationList = CD5878FC26D474A900639DE9 /* Build configuration list for PBXProject "SDL_AfficherImages" */;
			compatibilityVersion = "Xcode 9.3";
			developmentRegion = en;
			hasScannedForEncodings = 0;
			knownRegions = (
				en,
				Base,
			);
			mainGroup = CD5878F826D474A900639DE9;
			productRefGroup = CD58790226D474A900639DE9 /* Products */;
			projectDirPath = "";
			projectRoot = "";
			targets = (
				CD58790026D474A900639DE9 /* SDL_AfficherImages */,
			);
		};
/* End PBXProject section */

/* Begin PBXResourcesBuildPhase section */
		CD5878FF26D474A900639DE9 /* Resources */ = {
			isa = PBXResourcesBuildPhase;
			buildActionMask = 2147483647;
			files = (
				CD58792226D4893300639DE9 /* lac_en_montagne.bmp in Resources */,
				CD58792026D4877000639DE9 /* kunfuPanda.bmp in Resources */,
				CDE09F0826DC6577008CE5FB /* zozor.bmp in Resources */,
				CD3B18DE26D7E4CF00D6EA06 /* sdl_icone.bmp in Resources */,
				CD58790826D474AC00639DE9 /* Assets.xcassets in Resources */,
				CDE09F0A26DC7109008CE5FB /* sapin.png in Resources */,
			);
			runOnlyForDeploymentPostprocessing = 0;
		};
/* End PBXResourcesBuildPhase section */

/* Begin PBXSourcesBuildPhase section */
		CD5878FD26D474A900639DE9 /* Sources */ = {
			isa = PBXSourcesBuildPhase;
			buildActionMask = 2147483647;
			files = (
				CD58791626D475F400639DE9 /* main.c in Sources */,
			);
			runOnlyForDeploymentPostprocessing = 0;
		};
/* End PBXSourcesBuildPhase section */

/* Begin XCBuildConfiguration section */
		CD58791026D474AC00639DE9 /* Debug */ = {
			isa = XCBuildConfiguration;
			buildSettings = {
				ALWAYS_SEARCH_USER_PATHS = NO;
				CLANG_ANALYZER_NONNULL = YES;
				CLANG_ANALYZER_NUMBER_OBJECT_CONVERSION = YES_AGGRESSIVE;
				CLANG_CXX_LANGUAGE_STANDARD = "gnu++14";
				CLANG_CXX_LIBRARY = "libc++";
				CLANG_ENABLE_MODULES = YES;
				CLANG_ENABLE_OBJC_ARC = YES;
				CLANG_ENABLE_OBJC_WEAK = YES;
				CLANG_WARN_BLOCK_CAPTURE_AUTORELEASING = YES;
				CLANG_WARN_BOOL_CONVERSION = YES;
				CLANG_WARN_COMMA = YES;
				CLANG_WARN_CONSTANT_CONVERSION = YES;
				CLANG_WARN_DEPRECATED_OBJC_IMPLEMENTATIONS = YES;
				CLANG_WARN_DIRECT_OBJC_ISA_USAGE = YES_ERROR;
				CLANG_WARN_DOCUMENTATION_COMMENTS = YES;
				CLANG_WARN_EMPTY_BODY = YES;
				CLANG_WARN_ENUM_CONVERSION = YES;
				CLANG_WARN_INFINITE_RECURSION = YES;
				CLANG_WARN_INT_CONVERSION = YES;
				CLANG_WARN_NON_LITERAL_NULL_CONVERSION = YES;
				CLANG_WARN_OBJC_IMPLICIT_RETAIN_SELF = YES;
				CLANG_WARN_OBJC_LITERAL_CONVERSION = YES;
				CLANG_WARN_OBJC_ROOT_CLASS = YES_ERROR;
				CLANG_WARN_QUOTED_INCLUDE_IN_FRAMEWORK_HEADER = YES;
				CLANG_WARN_RANGE_LOOP_ANALYSIS = YES;
				CLANG_WARN_STRICT_PROTOTYPES = YES;
				CLANG_WARN_SUSPICIOUS_MOVE = YES;
				CLANG_WARN_UNGUARDED_AVAILABILITY = YES_AGGRESSIVE;
				CLANG_WARN_UNREACHABLE_CODE = YES;
				CLANG_WARN__DUPLICATE_METHOD_MATCH = YES;
				COPY_PHASE_STRIP = NO;
				DEBUG_INFORMATION_FORMAT = dwarf;
				ENABLE_STRICT_OBJC_MSGSEND = YES;
				ENABLE_TESTABILITY = YES;
				FRAMEWORK_SEARCH_PATHS = /Library/Frameworks;
				GCC_C_LANGUAGE_STANDARD = gnu11;
				GCC_DYNAMIC_NO_PIC = NO;
				GCC_NO_COMMON_BLOCKS = YES;
				GCC_OPTIMIZATION_LEVEL = 0;
				GCC_PREPROCESSOR_DEFINITIONS = (
					"DEBUG=1",
					"$(inherited)",
				);
				GCC_WARN_64_TO_32_BIT_CONVERSION = YES;
				GCC_WARN_ABOUT_RETURN_TYPE = YES_ERROR;
				GCC_WARN_UNDECLARED_SELECTOR = YES;
				GCC_WARN_UNINITIALIZED_AUTOS = YES_AGGRESSIVE;
				GCC_WARN_UNUSED_FUNCTION = YES;
				GCC_WARN_UNUSED_VARIABLE = YES;
				MACOSX_DEPLOYMENT_TARGET = 11.3;
				MTL_ENABLE_DEBUG_INFO = INCLUDE_SOURCE;
				MTL_FAST_MATH = YES;
				ONLY_ACTIVE_ARCH = YES;
				SDKROOT = macosx;
			};
			name = Debug;
		};
		CD58791126D474AC00639DE9 /* Release */ = {
			isa = XCBuildConfiguration;
			buildSettings = {
				ALWAYS_SEARCH_USER_PATHS = NO;
				CLANG_ANALYZER_NONNULL = YES;
				CLANG_ANALYZER_NUMBER_OBJECT_CONVERSION = YES_AGGRESSIVE;
				CLANG_CXX_LANGUAGE_STANDARD = "gnu++14";
				CLANG_CXX_LIBRARY = "libc++";
				CLANG_ENABLE_MODULES = YES;
				CLANG_ENABLE_OBJC_ARC = YES;
				CLANG_ENABLE_OBJC_WEAK = YES;
				CLANG_WARN_BLOCK_CAPTURE_AUTORELEASING = YES;
				CLANG_WARN_BOOL_CONVERSION = YES;
				CLANG_WARN_COMMA = YES;
				CLANG_WARN_CONSTANT_CONVERSION = YES;
				CLANG_WARN_DEPRECATED_OBJC_IMPLEMENTATIONS = YES;
				CLANG_WARN_DIRECT_OBJC_ISA_USAGE = YES_ERROR;
				CLANG_WARN_DOCUMENTATION_COMMENTS = YES;
				CLANG_WARN_EMPTY_BODY = YES;
				CLANG_WARN_ENUM_CONVERSION = YES;
				CLANG_WARN_INFINITE_RECURSION = YES;
				CLANG_WARN_INT_CONVERSION = YES;
				CLANG_WARN_NON_LITERAL_NULL_CONVERSION = YES;
				CLANG_WARN_OBJC_IMPLICIT_RETAIN_SELF = YES;
				CLANG_WARN_OBJC_LITERAL_CONVERSION = YES;
				CLANG_WARN_OBJC_ROOT_CLASS = YES_ERROR;
				CLANG_WARN_QUOTED_INCLUDE_IN_FRAMEWORK_HEADER = YES;
				CLANG_WARN_RANGE_LOOP_ANALYSIS = YES;
				CLANG_WARN_STRICT_PROTOTYPES = YES;
				CLANG_WARN_SUSPICIOUS_MOVE = YES;
				CLANG_WARN_UNGUARDED_AVAILABILITY = YES_AGGRESSIVE;
				CLANG_WARN_UNREACHABLE_CODE = YES;
				CLANG_WARN__DUPLICATE_METHOD_MATCH = YES;
				COPY_PHASE_STRIP = NO;
				DEBUG_INFORMATION_FORMAT = "dwarf-with-dsym";
				ENABLE_NS_ASSERTIONS = NO;
				ENABLE_STRICT_OBJC_MSGSEND = YES;
				FRAMEWORK_SEARCH_PATHS = /Library/Frameworks;
				GCC_C_LANGUAGE_STANDARD = gnu11;
				GCC_NO_COMMON_BLOCKS = YES;
				GCC_WARN_64_TO_32_BIT_CONVERSION = YES;
				GCC_WARN_ABOUT_RETURN_TYPE = YES_ERROR;
				GCC_WARN_UNDECLARED_SELECTOR = YES;
				GCC_WARN_UNINITIALIZED_AUTOS = YES_AGGRESSIVE;
				GCC_WARN_UNUSED_FUNCTION = YES;
				GCC_WARN_UNUSED_VARIABLE = YES;
				MACOSX_DEPLOYMENT_TARGET = 11.3;
				MTL_ENABLE_DEBUG_INFO = NO;
				MTL_FAST_MATH = YES;
				SDKROOT = macosx;
			};
			name = Release;
		};
		CD58791326D474AC00639DE9 /* Debug */ = {
			isa = XCBuildConfiguration;
			buildSettings = {
				ASSETCATALOG_COMPILER_APPICON_NAME = AppIcon;
				ASSETCATALOG_COMPILER_GLOBAL_ACCENT_COLOR_NAME = AccentColor;
				CLANG_WARN_QUOTED_INCLUDE_IN_FRAMEWORK_HEADER = NO;
				CODE_SIGN_ENTITLEMENTS = SDL_AfficherImages/SDL_AfficherImages.entitlements;
				CODE_SIGN_INJECT_BASE_ENTITLEMENTS = YES;
				CODE_SIGN_STYLE = Automatic;
				COMBINE_HIDPI_IMAGES = YES;
				FRAMEWORK_SEARCH_PATHS = (
					"$(inherited)",
					"$(LOCAL_LIBRARY_DIR)/Frameworks",
					"$(PROJECT_DIR)",
				);
				HEADER_SEARCH_PATHS = /Library/Frameworks/SDL2_image.framework/Headers;
				INFOPLIST_FILE = SDL_AfficherImages/Info.plist;
				LD_RUNPATH_SEARCH_PATHS = (
					"$(inherited)",
					"@executable_path/../Frameworks",
				);
				PRODUCT_BUNDLE_IDENTIFIER = "Sebastian-Morera.SDL-AfficherImages";
				PRODUCT_NAME = "$(TARGET_NAME)";
			};
			name = Debug;
		};
		CD58791426D474AC00639DE9 /* Release */ = {
			isa = XCBuildConfiguration;
			buildSettings = {
				ASSETCATALOG_COMPILER_APPICON_NAME = AppIcon;
				ASSETCATALOG_COMPILER_GLOBAL_ACCENT_COLOR_NAME = AccentColor;
				CLANG_WARN_QUOTED_INCLUDE_IN_FRAMEWORK_HEADER = NO;
				CODE_SIGN_ENTITLEMENTS = SDL_AfficherImages/SDL_AfficherImages.entitlements;
				CODE_SIGN_INJECT_BASE_ENTITLEMENTS = YES;
				CODE_SIGN_STYLE = Automatic;
				COMBINE_HIDPI_IMAGES = YES;
				FRAMEWORK_SEARCH_PATHS = (
					"$(inherited)",
					"$(LOCAL_LIBRARY_DIR)/Frameworks",
					"$(PROJECT_DIR)",
				);
				HEADER_SEARCH_PATHS = /Library/Frameworks/SDL2_image.framework/Headers;
				INFOPLIST_FILE = SDL_AfficherImages/Info.plist;
				LD_RUNPATH_SEARCH_PATHS = (
					"$(inherited)",
					"@executable_path/../Frameworks",
				);
				PRODUCT_BUNDLE_IDENTIFIER = "Sebastian-Morera.SDL-AfficherImages";
				PRODUCT_NAME = "$(TARGET_NAME)";
			};
			name = Release;
		};
/* End XCBuildConfiguration section */

/* Begin XCConfigurationList section */
		CD5878FC26D474A900639DE9 /* Build configuration list for PBXProject "SDL_AfficherImages" */ = {
			isa = XCConfigurationList;
			buildConfigurations = (
				CD58791026D474AC00639DE9 /* Debug */,
				CD58791126D474AC00639DE9 /* Release */,
			);
			defaultConfigurationIsVisible = 0;
			defaultConfigurationName = Release;
		};
		CD58791226D474AC00639DE9 /* Build configuration list for PBXNativeTarget "SDL_AfficherImages" */ = {
			isa = XCConfigurationList;
			buildConfigurations = (
				CD58791326D474AC00639DE9 /* Debug */,
				CD58791426D474AC00639DE9 /* Release */,
			);
			defaultConfigurationIsVisible = 0;
			defaultConfigurationName = Release;
		};
/* End XCConfigurationList section */
	};
	rootObject = CD5878F926D474A900639DE9 /* Project object */;
}
